
Microsoft Visual Studio Solution File, Format Version 12.00
# Visual Studio Version 17
VisualStudioVersion = 17.4.33213.308
MinimumVisualStudioVersion = 10.0.40219.1
Project("{9A19103F-16F7-4668-BE54-9A1E7A4F7556}") = "LINQ_part2", "LINQ_part2.csproj", "{DAFD0914-BD27-4A7D-8D53-BEBEF42C9AFF}"
EndProject
Project("{FAE04EC0-301F-11D3-BF4B-00C04F79EFBC}") = "LINQ_part1", "..\LINQ_part1\LINQ_part1.csproj", "{D5D8B437-7284-4666-BF91-4A7E9840AFC4}"
EndProject
Global
	GlobalSection(SolutionConfigurationPlatforms) = preSolution
		Debug|Any CPU = Debug|Any CPU
		Release|Any CPU = Release|Any CPU
	EndGlobalSection
	GlobalSection(ProjectConfigurationPlatforms) = postSolution
		{DAFD0914-BD27-4A7D-8D53-BEBEF42C9AFF}.Debug|Any CPU.ActiveCfg = Debug|Any CPU
		{DAFD0914-BD27-4A7D-8D53-BEBEF42C9AFF}.Debug|Any CPU.Build.0 = Debug|Any CPU
		{DAFD0914-BD27-4A7D-8D53-BEBEF42C9AFF}.Release|Any CPU.ActiveCfg = Release|Any CPU
		{DAFD0914-BD27-4A7D-8D53-BEBEF42C9AFF}.Release|Any CPU.Build.0 = Release|Any CPU
		{D5D8B437-7284-4666-BF91-4A7E9840AFC4}.Debug|Any CPU.ActiveCfg = Debug|Any CPU
		{D5D8B437-7284-4666-BF91-4A7E9840AFC4}.Debug|Any CPU.Build.0 = Debug|Any CPU
		{D5D8B437-7284-4666-BF91-4A7E9840AFC4}.Release|Any CPU.ActiveCfg = Release|Any CPU
		{D5D8B437-7284-4666-BF91-4A7E9840AFC4}.Release|Any CPU.Build.0 = Release|Any CPU
	EndGlobalSection
	GlobalSection(SolutionProperties) = preSolution
		HideSolutionNode = FALSE
	EndGlobalSection
	GlobalSection(ExtensibilityGlobals) = postSolution
		SolutionGuid = {3DE39957-A6D9-4ECB-9B64-43290DAB3051}
	EndGlobalSection
EndGlobal
