
Microsoft Visual Studio Solution File, Format Version 12.00
# Visual Studio Version 17
VisualStudioVersion = 17.4.33213.308
MinimumVisualStudioVersion = 10.0.40219.1
Project("{FAE04EC0-301F-11D3-BF4B-00C04F79EFBC}") = "LINQ(3_4)", "LINQ(3_4).csproj", "{95206FCC-573A-44F4-9487-132FD739E30D}"
EndProject
Global
	GlobalSection(SolutionConfigurationPlatforms) = preSolution
		Debug|Any CPU = Debug|Any CPU
		Release|Any CPU = Release|Any CPU
	EndGlobalSection
	GlobalSection(ProjectConfigurationPlatforms) = postSolution
		{95206FCC-573A-44F4-9487-132FD739E30D}.Debug|Any CPU.ActiveCfg = Debug|Any CPU
		{95206FCC-573A-44F4-9487-132FD739E30D}.Debug|Any CPU.Build.0 = Debug|Any CPU
		{95206FCC-573A-44F4-9487-132FD739E30D}.Release|Any CPU.ActiveCfg = Release|Any CPU
		{95206FCC-573A-44F4-9487-132FD739E30D}.Release|Any CPU.Build.0 = Release|Any CPU
	EndGlobalSection
	GlobalSection(SolutionProperties) = preSolution
		HideSolutionNode = FALSE
	EndGlobalSection
	GlobalSection(ExtensibilityGlobals) = postSolution
		SolutionGuid = {7E31E701-36A7-4CD4-8D4F-AF1F33A1C27A}
	EndGlobalSection
EndGlobal
