
Microsoft Visual Studio Solution File, Format Version 12.00
# Visual Studio Version 17
VisualStudioVersion = 17.4.33213.308
MinimumVisualStudioVersion = 10.0.40219.1
Project("{FAE04EC0-301F-11D3-BF4B-00C04F79EFBC}") = "HW_2.5", "HW_2.5.csproj", "{4FA7F576-127C-44DE-A273-49290D130B13}"
EndProject
Global
	GlobalSection(SolutionConfigurationPlatforms) = preSolution
		Debug|Any CPU = Debug|Any CPU
		Release|Any CPU = Release|Any CPU
	EndGlobalSection
	GlobalSection(ProjectConfigurationPlatforms) = postSolution
		{4FA7F576-127C-44DE-A273-49290D130B13}.Debug|Any CPU.ActiveCfg = Debug|Any CPU
		{4FA7F576-127C-44DE-A273-49290D130B13}.Debug|Any CPU.Build.0 = Debug|Any CPU
		{4FA7F576-127C-44DE-A273-49290D130B13}.Release|Any CPU.ActiveCfg = Release|Any CPU
		{4FA7F576-127C-44DE-A273-49290D130B13}.Release|Any CPU.Build.0 = Release|Any CPU
	EndGlobalSection
	GlobalSection(SolutionProperties) = preSolution
		HideSolutionNode = FALSE
	EndGlobalSection
	GlobalSection(ExtensibilityGlobals) = postSolution
		SolutionGuid = {080E7CCF-4176-4207-8249-1A32BBC60B60}
	EndGlobalSection
EndGlobal
