
Microsoft Visual Studio Solution File, Format Version 12.00
# Visual Studio Version 17
VisualStudioVersion = 17.4.33213.308
MinimumVisualStudioVersion = 10.0.40219.1
Project("{FAE04EC0-301F-11D3-BF4B-00C04F79EFBC}") = "HW_3.5", "HW_3.5.csproj", "{4BA22794-4B85-406B-91CE-12356690B00C}"
EndProject
Global
	GlobalSection(SolutionConfigurationPlatforms) = preSolution
		Debug|Any CPU = Debug|Any CPU
		Release|Any CPU = Release|Any CPU
	EndGlobalSection
	GlobalSection(ProjectConfigurationPlatforms) = postSolution
		{4BA22794-4B85-406B-91CE-12356690B00C}.Debug|Any CPU.ActiveCfg = Debug|Any CPU
		{4BA22794-4B85-406B-91CE-12356690B00C}.Debug|Any CPU.Build.0 = Debug|Any CPU
		{4BA22794-4B85-406B-91CE-12356690B00C}.Release|Any CPU.ActiveCfg = Release|Any CPU
		{4BA22794-4B85-406B-91CE-12356690B00C}.Release|Any CPU.Build.0 = Release|Any CPU
	EndGlobalSection
	GlobalSection(SolutionProperties) = preSolution
		HideSolutionNode = FALSE
	EndGlobalSection
	GlobalSection(ExtensibilityGlobals) = postSolution
		SolutionGuid = {E3847BDD-B97F-4FD1-BDB1-859887BC9B91}
	EndGlobalSection
EndGlobal
